
Microsoft Visual Studio Solution File, Format Version 12.00
# Visual Studio Version 17
VisualStudioVersion = 17.0.31903.59
MinimumVisualStudioVersion = 10.0.40219.1
Project("{2150E333-8FDC-42A3-9474-1A3956D46DE8}") = "ChatApp.Server", "ChatApp.Server", "{763DEC17-F35E-4ED8-893F-725FEFAB7694}"
EndProject
Project("{FAE04EC0-301F-11D3-BF4B-00C04F79EFBC}") = "ChatApp.Server.Domain", "ChatApp.Server\ChatApp.Server.Domain\ChatApp.Server.Domain.csproj", "{E034475A-2879-41A5-821E-E4C179004BA9}"
EndProject
Project("{FAE04EC0-301F-11D3-BF4B-00C04F79EFBC}") = "ChatApp.Server.Application", "ChatApp.Server\ChatApp.Server.Application\ChatApp.Server.Application.csproj", "{083CA481-563B-4006-8777-4733FF72FF87}"
EndProject
Project("{FAE04EC0-301F-11D3-BF4B-00C04F79EFBC}") = "ChatApp.Server.Infrastructure", "ChatApp.Server\ChatApp.Server.Infrastructure\ChatApp.Server.Infrastructure.csproj", "{65E4A664-41A8-4608-BFB5-04E832997147}"
EndProject
Project("{FAE04EC0-301F-11D3-BF4B-00C04F79EFBC}") = "ChatApp.Server.API", "ChatApp.Server\ChatApp.Server.API\ChatApp.Server.API.csproj", "{7810A458-9F34-450C-8F75-0578AC5E20AD}"
EndProject
Project("{FAE04EC0-301F-11D3-BF4B-00C04F79EFBC}") = "ChatApp.Client", "ChatApp.Client\ChatApp.Client.csproj", "{EBBC6859-DF11-4E56-81EA-8489B9B3A6EB}"
EndProject
Global
	GlobalSection(SolutionConfigurationPlatforms) = preSolution
		Debug|Any CPU = Debug|Any CPU
		Release|Any CPU = Release|Any CPU
	EndGlobalSection
	GlobalSection(SolutionProperties) = preSolution
		HideSolutionNode = FALSE
	EndGlobalSection
	GlobalSection(ProjectConfigurationPlatforms) = postSolution
		{E034475A-2879-41A5-821E-E4C179004BA9}.Debug|Any CPU.ActiveCfg = Debug|Any CPU
		{E034475A-2879-41A5-821E-E4C179004BA9}.Debug|Any CPU.Build.0 = Debug|Any CPU
		{E034475A-2879-41A5-821E-E4C179004BA9}.Release|Any CPU.ActiveCfg = Release|Any CPU
		{E034475A-2879-41A5-821E-E4C179004BA9}.Release|Any CPU.Build.0 = Release|Any CPU
		{083CA481-563B-4006-8777-4733FF72FF87}.Debug|Any CPU.ActiveCfg = Debug|Any CPU
		{083CA481-563B-4006-8777-4733FF72FF87}.Debug|Any CPU.Build.0 = Debug|Any CPU
		{083CA481-563B-4006-8777-4733FF72FF87}.Release|Any CPU.ActiveCfg = Release|Any CPU
		{083CA481-563B-4006-8777-4733FF72FF87}.Release|Any CPU.Build.0 = Release|Any CPU
		{65E4A664-41A8-4608-BFB5-04E832997147}.Debug|Any CPU.ActiveCfg = Debug|Any CPU
		{65E4A664-41A8-4608-BFB5-04E832997147}.Debug|Any CPU.Build.0 = Debug|Any CPU
		{65E4A664-41A8-4608-BFB5-04E832997147}.Release|Any CPU.ActiveCfg = Release|Any CPU
		{65E4A664-41A8-4608-BFB5-04E832997147}.Release|Any CPU.Build.0 = Release|Any CPU
		{7810A458-9F34-450C-8F75-0578AC5E20AD}.Debug|Any CPU.ActiveCfg = Debug|Any CPU
		{7810A458-9F34-450C-8F75-0578AC5E20AD}.Debug|Any CPU.Build.0 = Debug|Any CPU
		{7810A458-9F34-450C-8F75-0578AC5E20AD}.Release|Any CPU.ActiveCfg = Release|Any CPU
		{7810A458-9F34-450C-8F75-0578AC5E20AD}.Release|Any CPU.Build.0 = Release|Any CPU
		{EBBC6859-DF11-4E56-81EA-8489B9B3A6EB}.Debug|Any CPU.ActiveCfg = Debug|Any CPU
		{EBBC6859-DF11-4E56-81EA-8489B9B3A6EB}.Debug|Any CPU.Build.0 = Debug|Any CPU
		{EBBC6859-DF11-4E56-81EA-8489B9B3A6EB}.Release|Any CPU.ActiveCfg = Release|Any CPU
		{EBBC6859-DF11-4E56-81EA-8489B9B3A6EB}.Release|Any CPU.Build.0 = Release|Any CPU
	EndGlobalSection
	GlobalSection(NestedProjects) = preSolution
		{E034475A-2879-41A5-821E-E4C179004BA9} = {763DEC17-F35E-4ED8-893F-725FEFAB7694}
		{083CA481-563B-4006-8777-4733FF72FF87} = {763DEC17-F35E-4ED8-893F-725FEFAB7694}
		{65E4A664-41A8-4608-BFB5-04E832997147} = {763DEC17-F35E-4ED8-893F-725FEFAB7694}
		{7810A458-9F34-450C-8F75-0578AC5E20AD} = {763DEC17-F35E-4ED8-893F-725FEFAB7694}
	EndGlobalSection
EndGlobal
